
Microsoft Visual Studio Solution File, Format Version 12.00
# Visual Studio Version 16
VisualStudioVersion = 16.0.29326.143
MinimumVisualStudioVersion = 10.0.40219.1
Project("{FAE04EC0-301F-11D3-BF4B-00C04F79EFBC}") = "AzureDevOpsTestProject", "AzureDevOpsTestProject\AzureDevOpsTestProject.csproj", "{35D81BE2-159B-4FB7-AC9D-5DF6BAC79C4C}"
EndProject
Global
	GlobalSection(SolutionConfigurationPlatforms) = preSolution
		Debug|Any CPU = Debug|Any CPU
		Release|Any CPU = Release|Any CPU
	EndGlobalSection
	GlobalSection(ProjectConfigurationPlatforms) = postSolution
		{35D81BE2-159B-4FB7-AC9D-5DF6BAC79C4C}.Debug|Any CPU.ActiveCfg = Debug|Any CPU
		{35D81BE2-159B-4FB7-AC9D-5DF6BAC79C4C}.Debug|Any CPU.Build.0 = Debug|Any CPU
		{35D81BE2-159B-4FB7-AC9D-5DF6BAC79C4C}.Release|Any CPU.ActiveCfg = Release|Any CPU
		{35D81BE2-159B-4FB7-AC9D-5DF6BAC79C4C}.Release|Any CPU.Build.0 = Release|Any CPU
	EndGlobalSection
	GlobalSection(SolutionProperties) = preSolution
		HideSolutionNode = FALSE
	EndGlobalSection
	GlobalSection(ExtensibilityGlobals) = postSolution
		SolutionGuid = {82B29078-631D-42E0-89EF-085EC35E2D5E}
	EndGlobalSection
EndGlobal
